
Microsoft Visual Studio Solution File, Format Version 12.00
# Visual Studio Version 16
VisualStudioVersion = 16.0.29418.71
MinimumVisualStudioVersion = 10.0.40219.1
Project("{FAE04EC0-301F-11D3-BF4B-00C04F79EFBC}") = "Journal Release", "Journal Release\Journal Release.csproj", "{9C5971E0-30AD-478F-A038-AB703D79B9E2}"
EndProject
Global
	GlobalSection(SolutionConfigurationPlatforms) = preSolution
		Debug|Any CPU = Debug|Any CPU
		Release|Any CPU = Release|Any CPU
	EndGlobalSection
	GlobalSection(ProjectConfigurationPlatforms) = postSolution
		{9C5971E0-30AD-478F-A038-AB703D79B9E2}.Debug|Any CPU.ActiveCfg = Debug|Any CPU
		{9C5971E0-30AD-478F-A038-AB703D79B9E2}.Debug|Any CPU.Build.0 = Debug|Any CPU
		{9C5971E0-30AD-478F-A038-AB703D79B9E2}.Release|Any CPU.ActiveCfg = Release|Any CPU
		{9C5971E0-30AD-478F-A038-AB703D79B9E2}.Release|Any CPU.Build.0 = Release|Any CPU
	EndGlobalSection
	GlobalSection(SolutionProperties) = preSolution
		HideSolutionNode = FALSE
	EndGlobalSection
	GlobalSection(ExtensibilityGlobals) = postSolution
		SolutionGuid = {D2BE2D52-BEBD-45EE-9119-74AF84E984F0}
	EndGlobalSection
EndGlobal
